
Microsoft Visual Studio Solution File, Format Version 12.00
# Visual Studio Version 17
VisualStudioVersion = 17.3.32825.248
MinimumVisualStudioVersion = 10.0.40219.1
Project("{FAE04EC0-301F-11D3-BF4B-00C04F79EFBC}") = "DelegadosPredicadosConClases", "DelegadosPredicadosConClases\DelegadosPredicadosConClases.csproj", "{7DB2AD15-2285-4FAD-A330-92FAC83D3FA8}"
EndProject
Global
	GlobalSection(SolutionConfigurationPlatforms) = preSolution
		Debug|Any CPU = Debug|Any CPU
		Release|Any CPU = Release|Any CPU
	EndGlobalSection
	GlobalSection(ProjectConfigurationPlatforms) = postSolution
		{7DB2AD15-2285-4FAD-A330-92FAC83D3FA8}.Debug|Any CPU.ActiveCfg = Debug|Any CPU
		{7DB2AD15-2285-4FAD-A330-92FAC83D3FA8}.Debug|Any CPU.Build.0 = Debug|Any CPU
		{7DB2AD15-2285-4FAD-A330-92FAC83D3FA8}.Release|Any CPU.ActiveCfg = Release|Any CPU
		{7DB2AD15-2285-4FAD-A330-92FAC83D3FA8}.Release|Any CPU.Build.0 = Release|Any CPU
	EndGlobalSection
	GlobalSection(SolutionProperties) = preSolution
		HideSolutionNode = FALSE
	EndGlobalSection
	GlobalSection(ExtensibilityGlobals) = postSolution
		SolutionGuid = {3684ADAE-FDC5-4B5C-B5CF-443DCCF2F55D}
	EndGlobalSection
EndGlobal
